// !$*UTF8*$!
{
	archiveVersion = 1;
	classes = {
	};
	objectVersion = 50;
	objects = {

/* Begin PBXBuildFile section */
		50FDDB782654811000B96C2C /* ChallengeI_UnitConversionsApp.swift in Sources */ = {isa = PBXBuildFile; fileRef = 50FDDB772654811000B96C2C /* ChallengeI_UnitConversionsApp.swift */; };
		50FDDB7A2654811000B96C2C /* ContentView.swift in Sources */ = {isa = PBXBuildFile; fileRef = 50FDDB792654811000B96C2C /* ContentView.swift */; };
		50FDDB7C2654811100B96C2C /* Assets.xcassets in Resources */ = {isa = PBXBuildFile; fileRef = 50FDDB7B2654811100B96C2C /* Assets.xcassets */; };
		50FDDB7F2654811100B96C2C /* Preview Assets.xcassets in Resources */ = {isa = PBXBuildFile; fileRef = 50FDDB7E2654811100B96C2C /* Preview Assets.xcassets */; };
		50FDDB8A265485E400B96C2C /* String+Extensions.swift in Sources */ = {isa = PBXBuildFile; fileRef = 50FDDB89265485E400B96C2C /* String+Extensions.swift */; };
/* End PBXBuildFile section */

/* Begin PBXFileReference section */
		50FDDB742654811000B96C2C /* ChallengeI-UnitConversions.app */ = {isa = PBXFileReference; explicitFileType = wrapper.application; includeInIndex = 0; path = "ChallengeI-UnitConversions.app"; sourceTree = BUILT_PRODUCTS_DIR; };
		50FDDB772654811000B96C2C /* ChallengeI_UnitConversionsApp.swift */ = {isa = PBXFileReference; lastKnownFileType = sourcecode.swift; path = ChallengeI_UnitConversionsApp.swift; sourceTree = "<group>"; };
		50FDDB792654811000B96C2C /* ContentView.swift */ = {isa = PBXFileReference; lastKnownFileType = sourcecode.swift; path = ContentView.swift; sourceTree = "<group>"; };
		50FDDB7B2654811100B96C2C /* Assets.xcassets */ = {isa = PBXFileReference; lastKnownFileType = folder.assetcatalog; path = Assets.xcassets; sourceTree = "<group>"; };
		50FDDB7E2654811100B96C2C /* Preview Assets.xcassets */ = {isa = PBXFileReference; lastKnownFileType = folder.assetcatalog; path = "Preview Assets.xcassets"; sourceTree = "<group>"; };
		50FDDB802654811100B96C2C /* Info.plist */ = {isa = PBXFileReference; lastKnownFileType = text.plist.xml; path = Info.plist; sourceTree = "<group>"; };
		50FDDB89265485E400B96C2C /* String+Extensions.swift */ = {isa = PBXFileReference; lastKnownFileType = sourcecode.swift; path = "String+Extensions.swift"; sourceTree = "<group>"; };
/* End PBXFileReference section */

/* Begin PBXFrameworksBuildPhase section */
		50FDDB712654811000B96C2C /* Frameworks */ = {
			isa = PBXFrameworksBuildPhase;
			buildActionMask = 2147483647;
			files = (
			);
			runOnlyForDeploymentPostprocessing = 0;
		};
/* End PBXFrameworksBuildPhase section */

/* Begin PBXGroup section */
		50FDDB6B2654811000B96C2C = {
			isa = PBXGroup;
			children = (
				50FDDB762654811000B96C2C /* ChallengeI-UnitConversions */,
				50FDDB752654811000B96C2C /* Products */,
			);
			sourceTree = "<group>";
		};
		50FDDB752654811000B96C2C /* Products */ = {
			isa = PBXGroup;
			children = (
				50FDDB742654811000B96C2C /* ChallengeI-UnitConversions.app */,
			);
			name = Products;
			sourceTree = "<group>";
		};
		50FDDB762654811000B96C2C /* ChallengeI-UnitConversions */ = {
			isa = PBXGroup;
			children = (
				50FDDB87265485D500B96C2C /* Helpers */,
				50FDDB772654811000B96C2C /* ChallengeI_UnitConversionsApp.swift */,
				50FDDB792654811000B96C2C /* ContentView.swift */,
				50FDDB7B2654811100B96C2C /* Assets.xcassets */,
				50FDDB802654811100B96C2C /* Info.plist */,
				50FDDB7D2654811100B96C2C /* Preview Content */,
			);
			path = "ChallengeI-UnitConversions";
			sourceTree = "<group>";
		};
		50FDDB7D2654811100B96C2C /* Preview Content */ = {
			isa = PBXGroup;
			children = (
				50FDDB7E2654811100B96C2C /* Preview Assets.xcassets */,
			);
			path = "Preview Content";
			sourceTree = "<group>";
		};
		50FDDB87265485D500B96C2C /* Helpers */ = {
			isa = PBXGroup;
			children = (
				50FDDB88265485DA00B96C2C /* Extensions */,
			);
			path = Helpers;
			sourceTree = "<group>";
		};
		50FDDB88265485DA00B96C2C /* Extensions */ = {
			isa = PBXGroup;
			children = (
				50FDDB89265485E400B96C2C /* String+Extensions.swift */,
			);
			path = Extensions;
			sourceTree = "<group>";
		};
/* End PBXGroup section */

/* Begin PBXNativeTarget section */
		50FDDB732654811000B96C2C /* ChallengeI-UnitConversions */ = {
			isa = PBXNativeTarget;
			buildConfigurationList = 50FDDB832654811100B96C2C /* Build configuration list for PBXNativeTarget "ChallengeI-UnitConversions" */;
			buildPhases = (
				50FDDB702654811000B96C2C /* Sources */,
				50FDDB712654811000B96C2C /* Frameworks */,
				50FDDB722654811000B96C2C /* Resources */,
			);
			buildRules = (
			);
			dependencies = (
			);
			name = "ChallengeI-UnitConversions";
			productName = "ChallengeI-UnitConversions";
			productReference = 50FDDB742654811000B96C2C /* ChallengeI-UnitConversions.app */;
			productType = "com.apple.product-type.application";
		};
/* End PBXNativeTarget section */

/* Begin PBXProject section */
		50FDDB6C2654811000B96C2C /* Project object */ = {
			isa = PBXProject;
			attributes = {
				LastSwiftUpdateCheck = 1220;
				LastUpgradeCheck = 1220;
				TargetAttributes = {
					50FDDB732654811000B96C2C = {
						CreatedOnToolsVersion = 12.2;
					};
				};
			};
			buildConfigurationList = 50FDDB6F2654811000B96C2C /* Build configuration list for PBXProject "ChallengeI-UnitConversions" */;
			compatibilityVersion = "Xcode 9.3";
			developmentRegion = en;
			hasScannedForEncodings = 0;
			knownRegions = (
				en,
				Base,
			);
			mainGroup = 50FDDB6B2654811000B96C2C;
			productRefGroup = 50FDDB752654811000B96C2C /* Products */;
			projectDirPath = "";
			projectRoot = "";
			targets = (
				50FDDB732654811000B96C2C /* ChallengeI-UnitConversions */,
			);
		};
/* End PBXProject section */

/* Begin PBXResourcesBuildPhase section */
		50FDDB722654811000B96C2C /* Resources */ = {
			isa = PBXResourcesBuildPhase;
			buildActionMask = 2147483647;
			files = (
				50FDDB7F2654811100B96C2C /* Preview Assets.xcassets in Resources */,
				50FDDB7C2654811100B96C2C /* Assets.xcassets in Resources */,
			);
			runOnlyForDeploymentPostprocessing = 0;
		};
/* End PBXResourcesBuildPhase section */

/* Begin PBXSourcesBuildPhase section */
		50FDDB702654811000B96C2C /* Sources */ = {
			isa = PBXSourcesBuildPhase;
			buildActionMask = 2147483647;
			files = (
				50FDDB7A2654811000B96C2C /* ContentView.swift in Sources */,
				50FDDB8A265485E400B96C2C /* String+Extensions.swift in Sources */,
				50FDDB782654811000B96C2C /* ChallengeI_UnitConversionsApp.swift in Sources */,
			);
			runOnlyForDeploymentPostprocessing = 0;
		};
/* End PBXSourcesBuildPhase section */

/* Begin XCBuildConfiguration section */
		50FDDB812654811100B96C2C /* Debug */ = {
			isa = XCBuildConfiguration;
			buildSettings = {
				ALWAYS_SEARCH_USER_PATHS = NO;
				CLANG_ANALYZER_NONNULL = YES;
				CLANG_ANALYZER_NUMBER_OBJECT_CONVERSION = YES_AGGRESSIVE;
				CLANG_CXX_LANGUAGE_STANDARD = "gnu++14";
				CLANG_CXX_LIBRARY = "libc++";
				CLANG_ENABLE_MODULES = YES;
				CLANG_ENABLE_OBJC_ARC = YES;
				CLANG_ENABLE_OBJC_WEAK = YES;
				CLANG_WARN_BLOCK_CAPTURE_AUTORELEASING = YES;
				CLANG_WARN_BOOL_CONVERSION = YES;
				CLANG_WARN_COMMA = YES;
				CLANG_WARN_CONSTANT_CONVERSION = YES;
				CLANG_WARN_DEPRECATED_OBJC_IMPLEMENTATIONS = YES;
				CLANG_WARN_DIRECT_OBJC_ISA_USAGE = YES_ERROR;
				CLANG_WARN_DOCUMENTATION_COMMENTS = YES;
				CLANG_WARN_EMPTY_BODY = YES;
				CLANG_WARN_ENUM_CONVERSION = YES;
				CLANG_WARN_INFINITE_RECURSION = YES;
				CLANG_WARN_INT_CONVERSION = YES;
				CLANG_WARN_NON_LITERAL_NULL_CONVERSION = YES;
				CLANG_WARN_OBJC_IMPLICIT_RETAIN_SELF = YES;
				CLANG_WARN_OBJC_LITERAL_CONVERSION = YES;
				CLANG_WARN_OBJC_ROOT_CLASS = YES_ERROR;
				CLANG_WARN_QUOTED_INCLUDE_IN_FRAMEWORK_HEADER = YES;
				CLANG_WARN_RANGE_LOOP_ANALYSIS = YES;
				CLANG_WARN_STRICT_PROTOTYPES = YES;
				CLANG_WARN_SUSPICIOUS_MOVE = YES;
				CLANG_WARN_UNGUARDED_AVAILABILITY = YES_AGGRESSIVE;
				CLANG_WARN_UNREACHABLE_CODE = YES;
				CLANG_WARN__DUPLICATE_METHOD_MATCH = YES;
				COPY_PHASE_STRIP = NO;
				DEBUG_INFORMATION_FORMAT = dwarf;
				ENABLE_STRICT_OBJC_MSGSEND = YES;
				ENABLE_TESTABILITY = YES;
				GCC_C_LANGUAGE_STANDARD = gnu11;
				GCC_DYNAMIC_NO_PIC = NO;
				GCC_NO_COMMON_BLOCKS = YES;
				GCC_OPTIMIZATION_LEVEL = 0;
				GCC_PREPROCESSOR_DEFINITIONS = (
					"DEBUG=1",
					"$(inherited)",
				);
				GCC_WARN_64_TO_32_BIT_CONVERSION = YES;
				GCC_WARN_ABOUT_RETURN_TYPE = YES_ERROR;
				GCC_WARN_UNDECLARED_SELECTOR = YES;
				GCC_WARN_UNINITIALIZED_AUTOS = YES_AGGRESSIVE;
				GCC_WARN_UNUSED_FUNCTION = YES;
				GCC_WARN_UNUSED_VARIABLE = YES;
				IPHONEOS_DEPLOYMENT_TARGET = 14.2;
				MTL_ENABLE_DEBUG_INFO = INCLUDE_SOURCE;
				MTL_FAST_MATH = YES;
				ONLY_ACTIVE_ARCH = YES;
				SDKROOT = iphoneos;
				SWIFT_ACTIVE_COMPILATION_CONDITIONS = DEBUG;
				SWIFT_OPTIMIZATION_LEVEL = "-Onone";
			};
			name = Debug;
		};
		50FDDB822654811100B96C2C /* Release */ = {
			isa = XCBuildConfiguration;
			buildSettings = {
				ALWAYS_SEARCH_USER_PATHS = NO;
				CLANG_ANALYZER_NONNULL = YES;
				CLANG_ANALYZER_NUMBER_OBJECT_CONVERSION = YES_AGGRESSIVE;
				CLANG_CXX_LANGUAGE_STANDARD = "gnu++14";
				CLANG_CXX_LIBRARY = "libc++";
				CLANG_ENABLE_MODULES = YES;
				CLANG_ENABLE_OBJC_ARC = YES;
				CLANG_ENABLE_OBJC_WEAK = YES;
				CLANG_WARN_BLOCK_CAPTURE_AUTORELEASING = YES;
				CLANG_WARN_BOOL_CONVERSION = YES;
				CLANG_WARN_COMMA = YES;
				CLANG_WARN_CONSTANT_CONVERSION = YES;
				CLANG_WARN_DEPRECATED_OBJC_IMPLEMENTATIONS = YES;
				CLANG_WARN_DIRECT_OBJC_ISA_USAGE = YES_ERROR;
				CLANG_WARN_DOCUMENTATION_COMMENTS = YES;
				CLANG_WARN_EMPTY_BODY = YES;
				CLANG_WARN_ENUM_CONVERSION = YES;
				CLANG_WARN_INFINITE_RECURSION = YES;
				CLANG_WARN_INT_CONVERSION = YES;
				CLANG_WARN_NON_LITERAL_NULL_CONVERSION = YES;
				CLANG_WARN_OBJC_IMPLICIT_RETAIN_SELF = YES;
				CLANG_WARN_OBJC_LITERAL_CONVERSION = YES;
				CLANG_WARN_OBJC_ROOT_CLASS = YES_ERROR;
				CLANG_WARN_QUOTED_INCLUDE_IN_FRAMEWORK_HEADER = YES;
				CLANG_WARN_RANGE_LOOP_ANALYSIS = YES;
				CLANG_WARN_STRICT_PROTOTYPES = YES;
				CLANG_WARN_SUSPICIOUS_MOVE = YES;
				CLANG_WARN_UNGUARDED_AVAILABILITY = YES_AGGRESSIVE;
				CLANG_WARN_UNREACHABLE_CODE = YES;
				CLANG_WARN__DUPLICATE_METHOD_MATCH = YES;
				COPY_PHASE_STRIP = NO;
				DEBUG_INFORMATION_FORMAT = "dwarf-with-dsym";
				ENABLE_NS_ASSERTIONS = NO;
				ENABLE_STRICT_OBJC_MSGSEND = YES;
				GCC_C_LANGUAGE_STANDARD = gnu11;
				GCC_NO_COMMON_BLOCKS = YES;
				GCC_WARN_64_TO_32_BIT_CONVERSION = YES;
				GCC_WARN_ABOUT_RETURN_TYPE = YES_ERROR;
				GCC_WARN_UNDECLARED_SELECTOR = YES;
				GCC_WARN_UNINITIALIZED_AUTOS = YES_AGGRESSIVE;
				GCC_WARN_UNUSED_FUNCTION = YES;
				GCC_WARN_UNUSED_VARIABLE = YES;
				IPHONEOS_DEPLOYMENT_TARGET = 14.2;
				MTL_ENABLE_DEBUG_INFO = NO;
				MTL_FAST_MATH = YES;
				SDKROOT = iphoneos;
				SWIFT_COMPILATION_MODE = wholemodule;
				SWIFT_OPTIMIZATION_LEVEL = "-O";
				VALIDATE_PRODUCT = YES;
			};
			name = Release;
		};
		50FDDB842654811100B96C2C /* Debug */ = {
			isa = XCBuildConfiguration;
			buildSettings = {
				ASSETCATALOG_COMPILER_APPICON_NAME = AppIcon;
				ASSETCATALOG_COMPILER_GLOBAL_ACCENT_COLOR_NAME = AccentColor;
				CODE_SIGN_STYLE = Automatic;
				DEVELOPMENT_ASSET_PATHS = "\"ChallengeI-UnitConversions/Preview Content\"";
				DEVELOPMENT_TEAM = 9R4Y5B2V5Z;
				ENABLE_PREVIEWS = YES;
				INFOPLIST_FILE = "ChallengeI-UnitConversions/Info.plist";
				IPHONEOS_DEPLOYMENT_TARGET = 14.0;
				LD_RUNPATH_SEARCH_PATHS = (
					"$(inherited)",
					"@executable_path/Frameworks",
				);
				PRODUCT_BUNDLE_IDENTIFIER = "com.danielgx.ios.ChallengeI-UnitConversions";
				PRODUCT_NAME = "$(TARGET_NAME)";
				SWIFT_VERSION = 5.0;
				TARGETED_DEVICE_FAMILY = "1,2";
			};
			name = Debug;
		};
		50FDDB852654811100B96C2C /* Release */ = {
			isa = XCBuildConfiguration;
			buildSettings = {
				ASSETCATALOG_COMPILER_APPICON_NAME = AppIcon;
				ASSETCATALOG_COMPILER_GLOBAL_ACCENT_COLOR_NAME = AccentColor;
				CODE_SIGN_STYLE = Automatic;
				DEVELOPMENT_ASSET_PATHS = "\"ChallengeI-UnitConversions/Preview Content\"";
				DEVELOPMENT_TEAM = 9R4Y5B2V5Z;
				ENABLE_PREVIEWS = YES;
				INFOPLIST_FILE = "ChallengeI-UnitConversions/Info.plist";
				IPHONEOS_DEPLOYMENT_TARGET = 14.0;
				LD_RUNPATH_SEARCH_PATHS = (
					"$(inherited)",
					"@executable_path/Frameworks",
				);
				PRODUCT_BUNDLE_IDENTIFIER = "com.danielgx.ios.ChallengeI-UnitConversions";
				PRODUCT_NAME = "$(TARGET_NAME)";
				SWIFT_VERSION = 5.0;
				TARGETED_DEVICE_FAMILY = "1,2";
			};
			name = Release;
		};
/* End XCBuildConfiguration section */

/* Begin XCConfigurationList section */
		50FDDB6F2654811000B96C2C /* Build configuration list for PBXProject "ChallengeI-UnitConversions" */ = {
			isa = XCConfigurationList;
			buildConfigurations = (
				50FDDB812654811100B96C2C /* Debug */,
				50FDDB822654811100B96C2C /* Release */,
			);
			defaultConfigurationIsVisible = 0;
			defaultConfigurationName = Release;
		};
		50FDDB832654811100B96C2C /* Build configuration list for PBXNativeTarget "ChallengeI-UnitConversions" */ = {
			isa = XCConfigurationList;
			buildConfigurations = (
				50FDDB842654811100B96C2C /* Debug */,
				50FDDB852654811100B96C2C /* Release */,
			);
			defaultConfigurationIsVisible = 0;
			defaultConfigurationName = Release;
		};
/* End XCConfigurationList section */
	};
	rootObject = 50FDDB6C2654811000B96C2C /* Project object */;
}
